
Microsoft Visual Studio Solution File, Format Version 12.00
# Visual Studio Version 17
VisualStudioVersion = 17.1.32328.378
MinimumVisualStudioVersion = 10.0.40219.1
Project("{9A19103F-16F7-4668-BE54-9A1E7A4F7556}") = "Entities", "Entities\Entities.csproj", "{54C393CF-0691-41F6-90FB-CAAEC17A7F77}"
EndProject
Project("{9A19103F-16F7-4668-BE54-9A1E7A4F7556}") = "Business", "Business\Business.csproj", "{1C2E3B00-BABE-4460-963C-F2643758B322}"
EndProject
Project("{9A19103F-16F7-4668-BE54-9A1E7A4F7556}") = "DataAccess", "DataAccess\DataAccess.csproj", "{BDDFE322-2873-4BBE-B900-F15E74F87918}"
EndProject
Project("{9A19103F-16F7-4668-BE54-9A1E7A4F7556}") = "Core", "Core\Core.csproj", "{4CF5E371-6DA6-443E-BA17-9CA1B79174AB}"
EndProject
Project("{FAE04EC0-301F-11D3-BF4B-00C04F79EFBC}") = "WebAPI", "WebAPI\WebAPI.csproj", "{0EC1BCB0-570C-445F-8D67-DAED8755818C}"
EndProject
Global
	GlobalSection(SolutionConfigurationPlatforms) = preSolution
		Debug|Any CPU = Debug|Any CPU
		Release|Any CPU = Release|Any CPU
	EndGlobalSection
	GlobalSection(ProjectConfigurationPlatforms) = postSolution
		{54C393CF-0691-41F6-90FB-CAAEC17A7F77}.Debug|Any CPU.ActiveCfg = Debug|Any CPU
		{54C393CF-0691-41F6-90FB-CAAEC17A7F77}.Debug|Any CPU.Build.0 = Debug|Any CPU
		{54C393CF-0691-41F6-90FB-CAAEC17A7F77}.Release|Any CPU.ActiveCfg = Release|Any CPU
		{54C393CF-0691-41F6-90FB-CAAEC17A7F77}.Release|Any CPU.Build.0 = Release|Any CPU
		{1C2E3B00-BABE-4460-963C-F2643758B322}.Debug|Any CPU.ActiveCfg = Debug|Any CPU
		{1C2E3B00-BABE-4460-963C-F2643758B322}.Debug|Any CPU.Build.0 = Debug|Any CPU
		{1C2E3B00-BABE-4460-963C-F2643758B322}.Release|Any CPU.ActiveCfg = Release|Any CPU
		{1C2E3B00-BABE-4460-963C-F2643758B322}.Release|Any CPU.Build.0 = Release|Any CPU
		{BDDFE322-2873-4BBE-B900-F15E74F87918}.Debug|Any CPU.ActiveCfg = Debug|Any CPU
		{BDDFE322-2873-4BBE-B900-F15E74F87918}.Debug|Any CPU.Build.0 = Debug|Any CPU
		{BDDFE322-2873-4BBE-B900-F15E74F87918}.Release|Any CPU.ActiveCfg = Release|Any CPU
		{BDDFE322-2873-4BBE-B900-F15E74F87918}.Release|Any CPU.Build.0 = Release|Any CPU
		{4CF5E371-6DA6-443E-BA17-9CA1B79174AB}.Debug|Any CPU.ActiveCfg = Debug|Any CPU
		{4CF5E371-6DA6-443E-BA17-9CA1B79174AB}.Debug|Any CPU.Build.0 = Debug|Any CPU
		{4CF5E371-6DA6-443E-BA17-9CA1B79174AB}.Release|Any CPU.ActiveCfg = Release|Any CPU
		{4CF5E371-6DA6-443E-BA17-9CA1B79174AB}.Release|Any CPU.Build.0 = Release|Any CPU
		{0EC1BCB0-570C-445F-8D67-DAED8755818C}.Debug|Any CPU.ActiveCfg = Debug|Any CPU
		{0EC1BCB0-570C-445F-8D67-DAED8755818C}.Debug|Any CPU.Build.0 = Debug|Any CPU
		{0EC1BCB0-570C-445F-8D67-DAED8755818C}.Release|Any CPU.ActiveCfg = Release|Any CPU
		{0EC1BCB0-570C-445F-8D67-DAED8755818C}.Release|Any CPU.Build.0 = Release|Any CPU
	EndGlobalSection
	GlobalSection(SolutionProperties) = preSolution
		HideSolutionNode = FALSE
	EndGlobalSection
	GlobalSection(ExtensibilityGlobals) = postSolution
		SolutionGuid = {9804E831-F74C-4281-AEC2-FDADE99D5301}
	EndGlobalSection
EndGlobal
